
Microsoft Visual Studio Solution File, Format Version 12.00
# Visual Studio Version 16
VisualStudioVersion = 16.0.32413.511
MinimumVisualStudioVersion = 10.0.40219.1
Project("{9A19103F-16F7-4668-BE54-9A1E7A4F7556}") = "RiftTitansMod", "RiftTitansMod.csproj", "{889C3579-DFBD-4FA5-83FD-F9C0C750A143}"
EndProject
Global
	GlobalSection(SolutionConfigurationPlatforms) = preSolution
		Debug|Any CPU = Debug|Any CPU
		Release|Any CPU = Release|Any CPU
	EndGlobalSection
	GlobalSection(ProjectConfigurationPlatforms) = postSolution
		{889C3579-DFBD-4FA5-83FD-F9C0C750A143}.Debug|Any CPU.ActiveCfg = Debug|Any CPU
		{889C3579-DFBD-4FA5-83FD-F9C0C750A143}.Debug|Any CPU.Build.0 = Debug|Any CPU
		{889C3579-DFBD-4FA5-83FD-F9C0C750A143}.Release|Any CPU.ActiveCfg = Release|Any CPU
		{889C3579-DFBD-4FA5-83FD-F9C0C750A143}.Release|Any CPU.Build.0 = Release|Any CPU
	EndGlobalSection
	GlobalSection(SolutionProperties) = preSolution
		HideSolutionNode = FALSE
	EndGlobalSection
	GlobalSection(ExtensibilityGlobals) = postSolution
		SolutionGuid = {4340B26A-F166-4A44-A970-4F1D9214295F}
	EndGlobalSection
EndGlobal
